PODS:
  - Flutter (1.0.0)
  - flutterflappytools (0.0.1):
    - Flutter

DEPENDENCIES:
  - Flutter (from `Flutter`)
  - flutterflappytools (from `.symlinks/plugins/flutterflappytools/ios`)

EXTERNAL SOURCES:
  Flutter:
    :path: Flutter
  flutterflappytools:
    :path: ".symlinks/plugins/flutterflappytools/ios"

SPEC CHECKSUMS:
  Flutter: 0e3d915762c693b495b44d77113d4970485de6ec
  flutterflappytools: 62f7b02109184d6c2dd4cecd7bb0ac1eb67cfa64

PODFILE CHECKSUM: 3dbe063e9c90a5d7c9e4e76e70a821b9e2c1d271

COCOAPODS: 1.10.1
