PODS:
  - Flutter (1.0.0)
  - flutterflappytools (0.0.1):
    - Flutter

DEPENDENCIES:
  - Flutter (from `Flutter`)
  - flutterflappytools (from `.symlinks/plugins/flutterflappytools/ios`)

EXTERNAL SOURCES:
  Flutter:
    :path: Flutter
  flutterflappytools:
    :path: ".symlinks/plugins/flutterflappytools/ios"

SPEC CHECKSUMS:
  Flutter: e0871f40cf51350855a761d2e70bf5af5b9b5de7
  flutterflappytools: 62f7b02109184d6c2dd4cecd7bb0ac1eb67cfa64

PODFILE CHECKSUM: e5ee00144d04e7b168ba7ea28a9753540e444f3d

COCOAPODS: 1.14.2
